
Microsoft Visual Studio Solution File, Format Version 12.00
# Visual Studio 15
VisualStudioVersion = 15.0.28307.960
MinimumVisualStudioVersion = 10.0.40219.1
Project("{888888A0-9F3D-457C-B088-3A5042F75D52}") = "hometax.go.kr", "hometax.go.kr.pyproj", "{05D0DA60-E0BD-4190-AA99-8A62700F202D}"
EndProject
Global
	GlobalSection(SolutionConfigurationPlatforms) = preSolution
		Debug|Any CPU = Debug|Any CPU
		Release|Any CPU = Release|Any CPU
	EndGlobalSection
	GlobalSection(ProjectConfigurationPlatforms) = postSolution
		{05D0DA60-E0BD-4190-AA99-8A62700F202D}.Debug|Any CPU.ActiveCfg = Debug|Any CPU
		{05D0DA60-E0BD-4190-AA99-8A62700F202D}.Release|Any CPU.ActiveCfg = Release|Any CPU
	EndGlobalSection
	GlobalSection(SolutionProperties) = preSolution
		HideSolutionNode = FALSE
	EndGlobalSection
	GlobalSection(ExtensibilityGlobals) = postSolution
		SolutionGuid = {90E01F9E-59F7-40B1-9EB0-3EC1F40E0CD0}
	EndGlobalSection
EndGlobal
